
Microsoft Visual Studio Solution File, Format Version 12.00
# Visual Studio 15
VisualStudioVersion = 15.0.28010.2026
MinimumVisualStudioVersion = 10.0.40219.1
Project("{FAE04EC0-301F-11D3-BF4B-00C04F79EFBC}") = "Framework", "MyShows\Framework.csproj", "{62C6CB99-8A72-46FD-9790-F16BA82B95B6}"
EndProject
Project("{FAE04EC0-301F-11D3-BF4B-00C04F79EFBC}") = "Tests", "Tests\Tests.csproj", "{A1FF11E2-6862-4DD4-B804-057D05F07E1B}"
EndProject
Project("{FAE04EC0-301F-11D3-BF4B-00C04F79EFBC}") = "Runner", "Runner\Runner.csproj", "{55BD3FA7-DAFF-4554-A4AD-AD5E923788B9}"
EndProject
Global
	GlobalSection(SolutionConfigurationPlatforms) = preSolution
		Debug|Any CPU = Debug|Any CPU
		Release|Any CPU = Release|Any CPU
	EndGlobalSection
	GlobalSection(ProjectConfigurationPlatforms) = postSolution
		{62C6CB99-8A72-46FD-9790-F16BA82B95B6}.Debug|Any CPU.ActiveCfg = Debug|Any CPU
		{62C6CB99-8A72-46FD-9790-F16BA82B95B6}.Debug|Any CPU.Build.0 = Debug|Any CPU
		{62C6CB99-8A72-46FD-9790-F16BA82B95B6}.Release|Any CPU.ActiveCfg = Release|Any CPU
		{62C6CB99-8A72-46FD-9790-F16BA82B95B6}.Release|Any CPU.Build.0 = Release|Any CPU
		{A1FF11E2-6862-4DD4-B804-057D05F07E1B}.Debug|Any CPU.ActiveCfg = Debug|Any CPU
		{A1FF11E2-6862-4DD4-B804-057D05F07E1B}.Debug|Any CPU.Build.0 = Debug|Any CPU
		{A1FF11E2-6862-4DD4-B804-057D05F07E1B}.Release|Any CPU.ActiveCfg = Release|Any CPU
		{A1FF11E2-6862-4DD4-B804-057D05F07E1B}.Release|Any CPU.Build.0 = Release|Any CPU
		{55BD3FA7-DAFF-4554-A4AD-AD5E923788B9}.Debug|Any CPU.ActiveCfg = Debug|Any CPU
		{55BD3FA7-DAFF-4554-A4AD-AD5E923788B9}.Debug|Any CPU.Build.0 = Debug|Any CPU
		{55BD3FA7-DAFF-4554-A4AD-AD5E923788B9}.Release|Any CPU.ActiveCfg = Release|Any CPU
		{55BD3FA7-DAFF-4554-A4AD-AD5E923788B9}.Release|Any CPU.Build.0 = Release|Any CPU
	EndGlobalSection
	GlobalSection(SolutionProperties) = preSolution
		HideSolutionNode = FALSE
	EndGlobalSection
	GlobalSection(ExtensibilityGlobals) = postSolution
		SolutionGuid = {F180C8E5-7BC3-4A30-B579-C8E550F4DEBE}
	EndGlobalSection
EndGlobal
